
Microsoft Visual Studio Solution File, Format Version 12.00
# Visual Studio Version 16
VisualStudioVersion = 16.0.31129.286
MinimumVisualStudioVersion = 10.0.40219.1
Project("{FAE04EC0-301F-11D3-BF4B-00C04F79EFBC}") = "Самые быстрые кнопки сетевых дисков", "Самые быстрые кнопки сетевых дисков\Самые быстрые кнопки сетевых дисков.csproj", "{B6E502D7-1CCB-4236-A780-7F93A1778E8E}"
EndProject
Global
	GlobalSection(SolutionConfigurationPlatforms) = preSolution
		Debug|Any CPU = Debug|Any CPU
		Release|Any CPU = Release|Any CPU
	EndGlobalSection
	GlobalSection(ProjectConfigurationPlatforms) = postSolution
		{B6E502D7-1CCB-4236-A780-7F93A1778E8E}.Debug|Any CPU.ActiveCfg = Debug|Any CPU
		{B6E502D7-1CCB-4236-A780-7F93A1778E8E}.Debug|Any CPU.Build.0 = Debug|Any CPU
		{B6E502D7-1CCB-4236-A780-7F93A1778E8E}.Release|Any CPU.ActiveCfg = Release|Any CPU
		{B6E502D7-1CCB-4236-A780-7F93A1778E8E}.Release|Any CPU.Build.0 = Release|Any CPU
	EndGlobalSection
	GlobalSection(SolutionProperties) = preSolution
		HideSolutionNode = FALSE
	EndGlobalSection
	GlobalSection(ExtensibilityGlobals) = postSolution
		SolutionGuid = {F776091C-42F0-44D7-8A45-A71548DA5445}
	EndGlobalSection
EndGlobal
